// !$*UTF8*$!
{
	archiveVersion = 1;
	classes = {
	};
	objectVersion = 50;
	objects = {

/* Begin PBXBuildFile section */
		1F6FD5E87D04BEA9B463BD57 /* Pods_WorkoutApp.framework in Frameworks */ = {isa = PBXBuildFile; fileRef = 667DCB58D746FE0E1FE0CC0E /* Pods_WorkoutApp.framework */; };
		8B8E4E6F227F5E4600AF8E9F /* datastructures.swift in Sources */ = {isa = PBXBuildFile; fileRef = 8B8E4E6E227F5E4600AF8E9F /* datastructures.swift */; };
		8B8E4E73227FC05200AF8E9F /* exercises.swift in Sources */ = {isa = PBXBuildFile; fileRef = 8B8E4E72227FC05200AF8E9F /* exercises.swift */; };
		8B8E4E75227FE37700AF8E9F /* ViewWorkoutViewController.swift in Sources */ = {isa = PBXBuildFile; fileRef = 8B8E4E74227FE37700AF8E9F /* ViewWorkoutViewController.swift */; };
		8B8E4E77227FEE0800AF8E9F /* MainViewController.swift in Sources */ = {isa = PBXBuildFile; fileRef = 8B8E4E76227FEE0800AF8E9F /* MainViewController.swift */; };
		8B8E4E79227FF80B00AF8E9F /* ChartViewController.swift in Sources */ = {isa = PBXBuildFile; fileRef = 8B8E4E78227FF80B00AF8E9F /* ChartViewController.swift */; };
		8B8E4E7B227FF83F00AF8E9F /* HistoryTableViewController.swift in Sources */ = {isa = PBXBuildFile; fileRef = 8B8E4E7A227FF83F00AF8E9F /* HistoryTableViewController.swift */; };
		8BDF565522691F0400A97FCA /* AppDelegate.swift in Sources */ = {isa = PBXBuildFile; fileRef = 8BDF565422691F0400A97FCA /* AppDelegate.swift */; };
		8BDF565A22691F0400A97FCA /* Main.storyboard in Resources */ = {isa = PBXBuildFile; fileRef = 8BDF565822691F0400A97FCA /* Main.storyboard */; };
		8BDF565D22691F0400A97FCA /* WorkoutApp.xcdatamodeld in Sources */ = {isa = PBXBuildFile; fileRef = 8BDF565B22691F0400A97FCA /* WorkoutApp.xcdatamodeld */; };
		8BDF565F22691F0500A97FCA /* Assets.xcassets in Resources */ = {isa = PBXBuildFile; fileRef = 8BDF565E22691F0500A97FCA /* Assets.xcassets */; };
		8BDF566222691F0500A97FCA /* LaunchScreen.storyboard in Resources */ = {isa = PBXBuildFile; fileRef = 8BDF566022691F0500A97FCA /* LaunchScreen.storyboard */; };
		8BDF566A22692EFB00A97FCA /* NewWorkoutViewController.swift in Sources */ = {isa = PBXBuildFile; fileRef = 8BDF566922692EFB00A97FCA /* NewWorkoutViewController.swift */; };
		8BDF566C226931BA00A97FCA /* WorkoutTableViewController.swift in Sources */ = {isa = PBXBuildFile; fileRef = 8BDF566B226931BA00A97FCA /* WorkoutTableViewController.swift */; };
		8BDF566F2269367E00A97FCA /* NewTypeViewController.swift in Sources */ = {isa = PBXBuildFile; fileRef = 8BDF566E2269367E00A97FCA /* NewTypeViewController.swift */; };
/* End PBXBuildFile section */

/* Begin PBXFileReference section */
		06F587030007BA70C124B378 /* Pods-WorkoutApp.release.xcconfig */ = {isa = PBXFileReference; includeInIndex = 1; lastKnownFileType = text.xcconfig; name = "Pods-WorkoutApp.release.xcconfig"; path = "Target Support Files/Pods-WorkoutApp/Pods-WorkoutApp.release.xcconfig"; sourceTree = "<group>"; };
		3EC1E702412732AF0C23E2E6 /* Pods-WorkoutApp.debug.xcconfig */ = {isa = PBXFileReference; includeInIndex = 1; lastKnownFileType = text.xcconfig; name = "Pods-WorkoutApp.debug.xcconfig"; path = "Target Support Files/Pods-WorkoutApp/Pods-WorkoutApp.debug.xcconfig"; sourceTree = "<group>"; };
		667DCB58D746FE0E1FE0CC0E /* Pods_WorkoutApp.framework */ = {isa = PBXFileReference; explicitFileType = wrapper.framework; includeInIndex = 0; path = Pods_WorkoutApp.framework; sourceTree = BUILT_PRODUCTS_DIR; };
		8B8E4E6E227F5E4600AF8E9F /* datastructures.swift */ = {isa = PBXFileReference; lastKnownFileType = sourcecode.swift; name = datastructures.swift; path = /Users/orinelmquist/Desktop/ios/WorkoutApp/WorkoutApp/datastructures.swift; sourceTree = "<absolute>"; };
		8B8E4E72227FC05200AF8E9F /* exercises.swift */ = {isa = PBXFileReference; lastKnownFileType = sourcecode.swift; name = exercises.swift; path = /Users/orinelmquist/Desktop/ios/WorkoutApp/WorkoutApp/exercises.swift; sourceTree = "<absolute>"; };
		8B8E4E74227FE37700AF8E9F /* ViewWorkoutViewController.swift */ = {isa = PBXFileReference; lastKnownFileType = sourcecode.swift; path = ViewWorkoutViewController.swift; sourceTree = "<group>"; };
		8B8E4E76227FEE0800AF8E9F /* MainViewController.swift */ = {isa = PBXFileReference; lastKnownFileType = sourcecode.swift; path = MainViewController.swift; sourceTree = "<group>"; };
		8B8E4E78227FF80B00AF8E9F /* ChartViewController.swift */ = {isa = PBXFileReference; lastKnownFileType = sourcecode.swift; path = ChartViewController.swift; sourceTree = "<group>"; };
		8B8E4E7A227FF83F00AF8E9F /* HistoryTableViewController.swift */ = {isa = PBXFileReference; lastKnownFileType = sourcecode.swift; path = HistoryTableViewController.swift; sourceTree = "<group>"; };
		8BDF565122691F0400A97FCA /* WorkoutApp.app */ = {isa = PBXFileReference; explicitFileType = wrapper.application; includeInIndex = 0; path = WorkoutApp.app; sourceTree = BUILT_PRODUCTS_DIR; };
		8BDF565422691F0400A97FCA /* AppDelegate.swift */ = {isa = PBXFileReference; lastKnownFileType = sourcecode.swift; path = AppDelegate.swift; sourceTree = "<group>"; };
		8BDF565922691F0400A97FCA /* Base */ = {isa = PBXFileReference; lastKnownFileType = file.storyboard; name = Base; path = Base.lproj/Main.storyboard; sourceTree = "<group>"; };
		8BDF565C22691F0400A97FCA /* WorkoutApp.xcdatamodel */ = {isa = PBXFileReference; lastKnownFileType = wrapper.xcdatamodel; path = WorkoutApp.xcdatamodel; sourceTree = "<group>"; };
		8BDF565E22691F0500A97FCA /* Assets.xcassets */ = {isa = PBXFileReference; lastKnownFileType = folder.assetcatalog; path = Assets.xcassets; sourceTree = "<group>"; };
		8BDF566122691F0500A97FCA /* Base */ = {isa = PBXFileReference; lastKnownFileType = file.storyboard; name = Base; path = Base.lproj/LaunchScreen.storyboard; sourceTree = "<group>"; };
		8BDF566322691F0500A97FCA /* Info.plist */ = {isa = PBXFileReference; lastKnownFileType = text.plist.xml; path = Info.plist; sourceTree = "<group>"; };
		8BDF566922692EFB00A97FCA /* NewWorkoutViewController.swift */ = {isa = PBXFileReference; lastKnownFileType = sourcecode.swift; path = NewWorkoutViewController.swift; sourceTree = "<group>"; };
		8BDF566B226931BA00A97FCA /* WorkoutTableViewController.swift */ = {isa = PBXFileReference; lastKnownFileType = sourcecode.swift; path = WorkoutTableViewController.swift; sourceTree = "<group>"; };
		8BDF566E2269367E00A97FCA /* NewTypeViewController.swift */ = {isa = PBXFileReference; lastKnownFileType = sourcecode.swift; path = NewTypeViewController.swift; sourceTree = "<group>"; };
/* End PBXFileReference section */

/* Begin PBXFrameworksBuildPhase section */
		8BDF564E22691F0400A97FCA /* Frameworks */ = {
			isa = PBXFrameworksBuildPhase;
			buildActionMask = 2147483647;
			files = (
				1F6FD5E87D04BEA9B463BD57 /* Pods_WorkoutApp.framework in Frameworks */,
			);
			runOnlyForDeploymentPostprocessing = 0;
		};
/* End PBXFrameworksBuildPhase section */

/* Begin PBXGroup section */
		0BDB6E918D4D85FAA73965DD /* Pods */ = {
			isa = PBXGroup;
			children = (
				3EC1E702412732AF0C23E2E6 /* Pods-WorkoutApp.debug.xcconfig */,
				06F587030007BA70C124B378 /* Pods-WorkoutApp.release.xcconfig */,
			);
			path = Pods;
			sourceTree = "<group>";
		};
		8BDF564822691F0400A97FCA = {
			isa = PBXGroup;
			children = (
				8BDF565322691F0400A97FCA /* WorkoutApp */,
				8BDF565222691F0400A97FCA /* Products */,
				0BDB6E918D4D85FAA73965DD /* Pods */,
				E8AC68BD5D43FFB49290F765 /* Frameworks */,
			);
			sourceTree = "<group>";
		};
		8BDF565222691F0400A97FCA /* Products */ = {
			isa = PBXGroup;
			children = (
				8BDF565122691F0400A97FCA /* WorkoutApp.app */,
			);
			name = Products;
			sourceTree = "<group>";
		};
		8BDF565322691F0400A97FCA /* WorkoutApp */ = {
			isa = PBXGroup;
			children = (
				8BDF565422691F0400A97FCA /* AppDelegate.swift */,
				8B8E4E6E227F5E4600AF8E9F /* datastructures.swift */,
				8B8E4E72227FC05200AF8E9F /* exercises.swift */,
				8BDF566D226931C200A97FCA /* ViewControllers */,
				8BDF565822691F0400A97FCA /* Main.storyboard */,
				8BDF565E22691F0500A97FCA /* Assets.xcassets */,
				8BDF566022691F0500A97FCA /* LaunchScreen.storyboard */,
				8BDF566322691F0500A97FCA /* Info.plist */,
				8BDF565B22691F0400A97FCA /* WorkoutApp.xcdatamodeld */,
			);
			path = WorkoutApp;
			sourceTree = "<group>";
		};
		8BDF566D226931C200A97FCA /* ViewControllers */ = {
			isa = PBXGroup;
			children = (
				8B8E4E78227FF80B00AF8E9F /* ChartViewController.swift */,
				8B8E4E7A227FF83F00AF8E9F /* HistoryTableViewController.swift */,
				8B8E4E76227FEE0800AF8E9F /* MainViewController.swift */,
				8BDF566B226931BA00A97FCA /* WorkoutTableViewController.swift */,
				8BDF566E2269367E00A97FCA /* NewTypeViewController.swift */,
				8BDF566922692EFB00A97FCA /* NewWorkoutViewController.swift */,
				8B8E4E74227FE37700AF8E9F /* ViewWorkoutViewController.swift */,
			);
			path = ViewControllers;
			sourceTree = "<group>";
		};
		E8AC68BD5D43FFB49290F765 /* Frameworks */ = {
			isa = PBXGroup;
			children = (
				667DCB58D746FE0E1FE0CC0E /* Pods_WorkoutApp.framework */,
			);
			name = Frameworks;
			sourceTree = "<group>";
		};
/* End PBXGroup section */

/* Begin PBXNativeTarget section */
		8BDF565022691F0400A97FCA /* WorkoutApp */ = {
			isa = PBXNativeTarget;
			buildConfigurationList = 8BDF566622691F0500A97FCA /* Build configuration list for PBXNativeTarget "WorkoutApp" */;
			buildPhases = (
				6A045196C03E398D9E1081A3 /* [CP] Check Pods Manifest.lock */,
				8BDF564D22691F0400A97FCA /* Sources */,
				8BDF564E22691F0400A97FCA /* Frameworks */,
				8BDF564F22691F0400A97FCA /* Resources */,
				090563F1E58A6E59B10E65F4 /* [CP] Embed Pods Frameworks */,
			);
			buildRules = (
			);
			dependencies = (
			);
			name = WorkoutApp;
			productName = WorkoutApp;
			productReference = 8BDF565122691F0400A97FCA /* WorkoutApp.app */;
			productType = "com.apple.product-type.application";
		};
/* End PBXNativeTarget section */

/* Begin PBXProject section */
		8BDF564922691F0400A97FCA /* Project object */ = {
			isa = PBXProject;
			attributes = {
				LastSwiftUpdateCheck = 1020;
				LastUpgradeCheck = 1020;
				ORGANIZATIONNAME = "Orin Elmquist";
				TargetAttributes = {
					8BDF565022691F0400A97FCA = {
						CreatedOnToolsVersion = 10.2.1;
					};
				};
			};
			buildConfigurationList = 8BDF564C22691F0400A97FCA /* Build configuration list for PBXProject "WorkoutApp" */;
			compatibilityVersion = "Xcode 9.3";
			developmentRegion = en;
			hasScannedForEncodings = 0;
			knownRegions = (
				en,
				Base,
			);
			mainGroup = 8BDF564822691F0400A97FCA;
			productRefGroup = 8BDF565222691F0400A97FCA /* Products */;
			projectDirPath = "";
			projectRoot = "";
			targets = (
				8BDF565022691F0400A97FCA /* WorkoutApp */,
			);
		};
/* End PBXProject section */

/* Begin PBXResourcesBuildPhase section */
		8BDF564F22691F0400A97FCA /* Resources */ = {
			isa = PBXResourcesBuildPhase;
			buildActionMask = 2147483647;
			files = (
				8BDF566222691F0500A97FCA /* LaunchScreen.storyboard in Resources */,
				8BDF565F22691F0500A97FCA /* Assets.xcassets in Resources */,
				8BDF565A22691F0400A97FCA /* Main.storyboard in Resources */,
			);
			runOnlyForDeploymentPostprocessing = 0;
		};
/* End PBXResourcesBuildPhase section */

/* Begin PBXShellScriptBuildPhase section */
		090563F1E58A6E59B10E65F4 /* [CP] Embed Pods Frameworks */ = {
			isa = PBXShellScriptBuildPhase;
			buildActionMask = 2147483647;
			files = (
			);
			inputFileListPaths = (
			);
			inputPaths = (
				"${PODS_ROOT}/Target Support Files/Pods-WorkoutApp/Pods-WorkoutApp-frameworks.sh",
				"${BUILT_PRODUCTS_DIR}/Charts/Charts.framework",
				"${BUILT_PRODUCTS_DIR}/Realm/Realm.framework",
				"${BUILT_PRODUCTS_DIR}/RealmSwift/RealmSwift.framework",
			);
			name = "[CP] Embed Pods Frameworks";
			outputFileListPaths = (
			);
			outputPaths = (
				"${TARGET_BUILD_DIR}/${FRAMEWORKS_FOLDER_PATH}/Charts.framework",
				"${TARGET_BUILD_DIR}/${FRAMEWORKS_FOLDER_PATH}/Realm.framework",
				"${TARGET_BUILD_DIR}/${FRAMEWORKS_FOLDER_PATH}/RealmSwift.framework",
			);
			runOnlyForDeploymentPostprocessing = 0;
			shellPath = /bin/sh;
			shellScript = "\"${PODS_ROOT}/Target Support Files/Pods-WorkoutApp/Pods-WorkoutApp-frameworks.sh\"\n";
			showEnvVarsInLog = 0;
		};
		6A045196C03E398D9E1081A3 /* [CP] Check Pods Manifest.lock */ = {
			isa = PBXShellScriptBuildPhase;
			buildActionMask = 2147483647;
			files = (
			);
			inputFileListPaths = (
			);
			inputPaths = (
				"${PODS_PODFILE_DIR_PATH}/Podfile.lock",
				"${PODS_ROOT}/Manifest.lock",
			);
			name = "[CP] Check Pods Manifest.lock";
			outputFileListPaths = (
			);
			outputPaths = (
				"$(DERIVED_FILE_DIR)/Pods-WorkoutApp-checkManifestLockResult.txt",
			);
			runOnlyForDeploymentPostprocessing = 0;
			shellPath = /bin/sh;
			shellScript = "diff \"${PODS_PODFILE_DIR_PATH}/Podfile.lock\" \"${PODS_ROOT}/Manifest.lock\" > /dev/null\nif [ $? != 0 ] ; then\n    # print error to STDERR\n    echo \"error: The sandbox is not in sync with the Podfile.lock. Run 'pod install' or update your CocoaPods installation.\" >&2\n    exit 1\nfi\n# This output is used by Xcode 'outputs' to avoid re-running this script phase.\necho \"SUCCESS\" > \"${SCRIPT_OUTPUT_FILE_0}\"\n";
			showEnvVarsInLog = 0;
		};
/* End PBXShellScriptBuildPhase section */

/* Begin PBXSourcesBuildPhase section */
		8BDF564D22691F0400A97FCA /* Sources */ = {
			isa = PBXSourcesBuildPhase;
			buildActionMask = 2147483647;
			files = (
				8BDF566C226931BA00A97FCA /* WorkoutTableViewController.swift in Sources */,
				8BDF566F2269367E00A97FCA /* NewTypeViewController.swift in Sources */,
				8BDF566A22692EFB00A97FCA /* NewWorkoutViewController.swift in Sources */,
				8B8E4E6F227F5E4600AF8E9F /* datastructures.swift in Sources */,
				8B8E4E73227FC05200AF8E9F /* exercises.swift in Sources */,
				8BDF565D22691F0400A97FCA /* WorkoutApp.xcdatamodeld in Sources */,
				8BDF565522691F0400A97FCA /* AppDelegate.swift in Sources */,
				8B8E4E75227FE37700AF8E9F /* ViewWorkoutViewController.swift in Sources */,
				8B8E4E7B227FF83F00AF8E9F /* HistoryTableViewController.swift in Sources */,
				8B8E4E77227FEE0800AF8E9F /* MainViewController.swift in Sources */,
				8B8E4E79227FF80B00AF8E9F /* ChartViewController.swift in Sources */,
			);
			runOnlyForDeploymentPostprocessing = 0;
		};
/* End PBXSourcesBuildPhase section */

/* Begin PBXVariantGroup section */
		8BDF565822691F0400A97FCA /* Main.storyboard */ = {
			isa = PBXVariantGroup;
			children = (
				8BDF565922691F0400A97FCA /* Base */,
			);
			name = Main.storyboard;
			sourceTree = "<group>";
		};
		8BDF566022691F0500A97FCA /* LaunchScreen.storyboard */ = {
			isa = PBXVariantGroup;
			children = (
				8BDF566122691F0500A97FCA /* Base */,
			);
			name = LaunchScreen.storyboard;
			sourceTree = "<group>";
		};
/* End PBXVariantGroup section */

/* Begin XCBuildConfiguration section */
		8BDF566422691F0500A97FCA /* Debug */ = {
			isa = XCBuildConfiguration;
			buildSettings = {
				ALWAYS_SEARCH_USER_PATHS = NO;
				CLANG_ANALYZER_NONNULL = YES;
				CLANG_ANALYZER_NUMBER_OBJECT_CONVERSION = YES_AGGRESSIVE;
				CLANG_CXX_LANGUAGE_STANDARD = "gnu++14";
				CLANG_CXX_LIBRARY = "libc++";
				CLANG_ENABLE_MODULES = YES;
				CLANG_ENABLE_OBJC_ARC = YES;
				CLANG_ENABLE_OBJC_WEAK = YES;
				CLANG_WARN_BLOCK_CAPTURE_AUTORELEASING = YES;
				CLANG_WARN_BOOL_CONVERSION = YES;
				CLANG_WARN_COMMA = YES;
				CLANG_WARN_CONSTANT_CONVERSION = YES;
				CLANG_WARN_DEPRECATED_OBJC_IMPLEMENTATIONS = YES;
				CLANG_WARN_DIRECT_OBJC_ISA_USAGE = YES_ERROR;
				CLANG_WARN_DOCUMENTATION_COMMENTS = YES;
				CLANG_WARN_EMPTY_BODY = YES;
				CLANG_WARN_ENUM_CONVERSION = YES;
				CLANG_WARN_INFINITE_RECURSION = YES;
				CLANG_WARN_INT_CONVERSION = YES;
				CLANG_WARN_NON_LITERAL_NULL_CONVERSION = YES;
				CLANG_WARN_OBJC_IMPLICIT_RETAIN_SELF = YES;
				CLANG_WARN_OBJC_LITERAL_CONVERSION = YES;
				CLANG_WARN_OBJC_ROOT_CLASS = YES_ERROR;
				CLANG_WARN_RANGE_LOOP_ANALYSIS = YES;
				CLANG_WARN_STRICT_PROTOTYPES = YES;
				CLANG_WARN_SUSPICIOUS_MOVE = YES;
				CLANG_WARN_UNGUARDED_AVAILABILITY = YES_AGGRESSIVE;
				CLANG_WARN_UNREACHABLE_CODE = YES;
				CLANG_WARN__DUPLICATE_METHOD_MATCH = YES;
				CODE_SIGN_IDENTITY = "iPhone Developer";
				COPY_PHASE_STRIP = NO;
				DEBUG_INFORMATION_FORMAT = dwarf;
				ENABLE_STRICT_OBJC_MSGSEND = YES;
				ENABLE_TESTABILITY = YES;
				GCC_C_LANGUAGE_STANDARD = gnu11;
				GCC_DYNAMIC_NO_PIC = NO;
				GCC_NO_COMMON_BLOCKS = YES;
				GCC_OPTIMIZATION_LEVEL = 0;
				GCC_PREPROCESSOR_DEFINITIONS = (
					"DEBUG=1",
					"$(inherited)",
				);
				GCC_WARN_64_TO_32_BIT_CONVERSION = YES;
				GCC_WARN_ABOUT_RETURN_TYPE = YES_ERROR;
				GCC_WARN_UNDECLARED_SELECTOR = YES;
				GCC_WARN_UNINITIALIZED_AUTOS = YES_AGGRESSIVE;
				GCC_WARN_UNUSED_FUNCTION = YES;
				GCC_WARN_UNUSED_VARIABLE = YES;
				IPHONEOS_DEPLOYMENT_TARGET = 12.2;
				MTL_ENABLE_DEBUG_INFO = INCLUDE_SOURCE;
				MTL_FAST_MATH = YES;
				ONLY_ACTIVE_ARCH = YES;
				SDKROOT = iphoneos;
				SWIFT_ACTIVE_COMPILATION_CONDITIONS = DEBUG;
				SWIFT_OPTIMIZATION_LEVEL = "-Onone";
			};
			name = Debug;
		};
		8BDF566522691F0500A97FCA /* Release */ = {
			isa = XCBuildConfiguration;
			buildSettings = {
				ALWAYS_SEARCH_USER_PATHS = NO;
				CLANG_ANALYZER_NONNULL = YES;
				CLANG_ANALYZER_NUMBER_OBJECT_CONVERSION = YES_AGGRESSIVE;
				CLANG_CXX_LANGUAGE_STANDARD = "gnu++14";
				CLANG_CXX_LIBRARY = "libc++";
				CLANG_ENABLE_MODULES = YES;
				CLANG_ENABLE_OBJC_ARC = YES;
				CLANG_ENABLE_OBJC_WEAK = YES;
				CLANG_WARN_BLOCK_CAPTURE_AUTORELEASING = YES;
				CLANG_WARN_BOOL_CONVERSION = YES;
				CLANG_WARN_COMMA = YES;
				CLANG_WARN_CONSTANT_CONVERSION = YES;
				CLANG_WARN_DEPRECATED_OBJC_IMPLEMENTATIONS = YES;
				CLANG_WARN_DIRECT_OBJC_ISA_USAGE = YES_ERROR;
				CLANG_WARN_DOCUMENTATION_COMMENTS = YES;
				CLANG_WARN_EMPTY_BODY = YES;
				CLANG_WARN_ENUM_CONVERSION = YES;
				CLANG_WARN_INFINITE_RECURSION = YES;
				CLANG_WARN_INT_CONVERSION = YES;
				CLANG_WARN_NON_LITERAL_NULL_CONVERSION = YES;
				CLANG_WARN_OBJC_IMPLICIT_RETAIN_SELF = YES;
				CLANG_WARN_OBJC_LITERAL_CONVERSION = YES;
				CLANG_WARN_OBJC_ROOT_CLASS = YES_ERROR;
				CLANG_WARN_RANGE_LOOP_ANALYSIS = YES;
				CLANG_WARN_STRICT_PROTOTYPES = YES;
				CLANG_WARN_SUSPICIOUS_MOVE = YES;
				CLANG_WARN_UNGUARDED_AVAILABILITY = YES_AGGRESSIVE;
				CLANG_WARN_UNREACHABLE_CODE = YES;
				CLANG_WARN__DUPLICATE_METHOD_MATCH = YES;
				CODE_SIGN_IDENTITY = "iPhone Developer";
				COPY_PHASE_STRIP = NO;
				DEBUG_INFORMATION_FORMAT = "dwarf-with-dsym";
				ENABLE_NS_ASSERTIONS = NO;
				ENABLE_STRICT_OBJC_MSGSEND = YES;
				GCC_C_LANGUAGE_STANDARD = gnu11;
				GCC_NO_COMMON_BLOCKS = YES;
				GCC_WARN_64_TO_32_BIT_CONVERSION = YES;
				GCC_WARN_ABOUT_RETURN_TYPE = YES_ERROR;
				GCC_WARN_UNDECLARED_SELECTOR = YES;
				GCC_WARN_UNINITIALIZED_AUTOS = YES_AGGRESSIVE;
				GCC_WARN_UNUSED_FUNCTION = YES;
				GCC_WARN_UNUSED_VARIABLE = YES;
				IPHONEOS_DEPLOYMENT_TARGET = 12.2;
				MTL_ENABLE_DEBUG_INFO = NO;
				MTL_FAST_MATH = YES;
				SDKROOT = iphoneos;
				SWIFT_COMPILATION_MODE = wholemodule;
				SWIFT_OPTIMIZATION_LEVEL = "-O";
				VALIDATE_PRODUCT = YES;
			};
			name = Release;
		};
		8BDF566722691F0500A97FCA /* Debug */ = {
			isa = XCBuildConfiguration;
			baseConfigurationReference = 3EC1E702412732AF0C23E2E6 /* Pods-WorkoutApp.debug.xcconfig */;
			buildSettings = {
				ASSETCATALOG_COMPILER_APPICON_NAME = AppIcon;
				CODE_SIGN_STYLE = Automatic;
				DEVELOPMENT_TEAM = PDHXSMCN77;
				INFOPLIST_FILE = WorkoutApp/Info.plist;
				LD_RUNPATH_SEARCH_PATHS = (
					"$(inherited)",
					"@executable_path/Frameworks",
				);
				PRODUCT_BUNDLE_IDENTIFIER = com.orinelmquist.WorkoutApp;
				PRODUCT_NAME = "$(TARGET_NAME)";
				SWIFT_VERSION = 5.0;
				TARGETED_DEVICE_FAMILY = "1,2";
			};
			name = Debug;
		};
		8BDF566822691F0500A97FCA /* Release */ = {
			isa = XCBuildConfiguration;
			baseConfigurationReference = 06F587030007BA70C124B378 /* Pods-WorkoutApp.release.xcconfig */;
			buildSettings = {
				ASSETCATALOG_COMPILER_APPICON_NAME = AppIcon;
				CODE_SIGN_STYLE = Automatic;
				DEVELOPMENT_TEAM = PDHXSMCN77;
				INFOPLIST_FILE = WorkoutApp/Info.plist;
				LD_RUNPATH_SEARCH_PATHS = (
					"$(inherited)",
					"@executable_path/Frameworks",
				);
				PRODUCT_BUNDLE_IDENTIFIER = com.orinelmquist.WorkoutApp;
				PRODUCT_NAME = "$(TARGET_NAME)";
				SWIFT_VERSION = 5.0;
				TARGETED_DEVICE_FAMILY = "1,2";
			};
			name = Release;
		};
/* End XCBuildConfiguration section */

/* Begin XCConfigurationList section */
		8BDF564C22691F0400A97FCA /* Build configuration list for PBXProject "WorkoutApp" */ = {
			isa = XCConfigurationList;
			buildConfigurations = (
				8BDF566422691F0500A97FCA /* Debug */,
				8BDF566522691F0500A97FCA /* Release */,
			);
			defaultConfigurationIsVisible = 0;
			defaultConfigurationName = Release;
		};
		8BDF566622691F0500A97FCA /* Build configuration list for PBXNativeTarget "WorkoutApp" */ = {
			isa = XCConfigurationList;
			buildConfigurations = (
				8BDF566722691F0500A97FCA /* Debug */,
				8BDF566822691F0500A97FCA /* Release */,
			);
			defaultConfigurationIsVisible = 0;
			defaultConfigurationName = Release;
		};
/* End XCConfigurationList section */

/* Begin XCVersionGroup section */
		8BDF565B22691F0400A97FCA /* WorkoutApp.xcdatamodeld */ = {
			isa = XCVersionGroup;
			children = (
				8BDF565C22691F0400A97FCA /* WorkoutApp.xcdatamodel */,
			);
			currentVersion = 8BDF565C22691F0400A97FCA /* WorkoutApp.xcdatamodel */;
			path = WorkoutApp.xcdatamodeld;
			sourceTree = "<group>";
			versionGroupType = wrapper.xcdatamodel;
		};
/* End XCVersionGroup section */
	};
	rootObject = 8BDF564922691F0400A97FCA /* Project object */;
}
